
Microsoft Visual Studio Solution File, Format Version 12.00
# Visual Studio Version 16
VisualStudioVersion = 16.0.30413.136
MinimumVisualStudioVersion = 10.0.40219.1
Project("{FAE04EC0-301F-11D3-BF4B-00C04F79EFBC}") = "FirstAngular_js", "FirstAngular_js\FirstAngular_js.csproj", "{BAB43799-0684-4862-972A-06AEE1264905}"
EndProject
Project("{FAE04EC0-301F-11D3-BF4B-00C04F79EFBC}") = "Repository", "Repository\Repository.csproj", "{3153422A-E645-4207-A44D-3D10E34E8951}"
EndProject
Project("{FAE04EC0-301F-11D3-BF4B-00C04F79EFBC}") = "Services", "Services\Services.csproj", "{12E55B88-151E-4B01-9AEC-A88E34647BB2}"
EndProject
Project("{FAE04EC0-301F-11D3-BF4B-00C04F79EFBC}") = "Models", "Models\Models.csproj", "{F83740B7-CD05-475A-8A66-13143D601205}"
EndProject
Project("{FAE04EC0-301F-11D3-BF4B-00C04F79EFBC}") = "BusinesLogic", "BusinesLogic\BusinesLogic.csproj", "{70422B09-88B7-4EBC-B4EB-9CE9962DEC97}"
EndProject
Global
	GlobalSection(SolutionConfigurationPlatforms) = preSolution
		Debug|Any CPU = Debug|Any CPU
		Release|Any CPU = Release|Any CPU
	EndGlobalSection
	GlobalSection(ProjectConfigurationPlatforms) = postSolution
		{BAB43799-0684-4862-972A-06AEE1264905}.Debug|Any CPU.ActiveCfg = Debug|Any CPU
		{BAB43799-0684-4862-972A-06AEE1264905}.Debug|Any CPU.Build.0 = Debug|Any CPU
		{BAB43799-0684-4862-972A-06AEE1264905}.Release|Any CPU.ActiveCfg = Release|Any CPU
		{BAB43799-0684-4862-972A-06AEE1264905}.Release|Any CPU.Build.0 = Release|Any CPU
		{3153422A-E645-4207-A44D-3D10E34E8951}.Debug|Any CPU.ActiveCfg = Debug|Any CPU
		{3153422A-E645-4207-A44D-3D10E34E8951}.Debug|Any CPU.Build.0 = Debug|Any CPU
		{3153422A-E645-4207-A44D-3D10E34E8951}.Release|Any CPU.ActiveCfg = Release|Any CPU
		{3153422A-E645-4207-A44D-3D10E34E8951}.Release|Any CPU.Build.0 = Release|Any CPU
		{12E55B88-151E-4B01-9AEC-A88E34647BB2}.Debug|Any CPU.ActiveCfg = Debug|Any CPU
		{12E55B88-151E-4B01-9AEC-A88E34647BB2}.Debug|Any CPU.Build.0 = Debug|Any CPU
		{12E55B88-151E-4B01-9AEC-A88E34647BB2}.Release|Any CPU.ActiveCfg = Release|Any CPU
		{12E55B88-151E-4B01-9AEC-A88E34647BB2}.Release|Any CPU.Build.0 = Release|Any CPU
		{F83740B7-CD05-475A-8A66-13143D601205}.Debug|Any CPU.ActiveCfg = Debug|Any CPU
		{F83740B7-CD05-475A-8A66-13143D601205}.Debug|Any CPU.Build.0 = Debug|Any CPU
		{F83740B7-CD05-475A-8A66-13143D601205}.Release|Any CPU.ActiveCfg = Release|Any CPU
		{F83740B7-CD05-475A-8A66-13143D601205}.Release|Any CPU.Build.0 = Release|Any CPU
		{70422B09-88B7-4EBC-B4EB-9CE9962DEC97}.Debug|Any CPU.ActiveCfg = Debug|Any CPU
		{70422B09-88B7-4EBC-B4EB-9CE9962DEC97}.Debug|Any CPU.Build.0 = Debug|Any CPU
		{70422B09-88B7-4EBC-B4EB-9CE9962DEC97}.Release|Any CPU.ActiveCfg = Release|Any CPU
		{70422B09-88B7-4EBC-B4EB-9CE9962DEC97}.Release|Any CPU.Build.0 = Release|Any CPU
	EndGlobalSection
	GlobalSection(SolutionProperties) = preSolution
		HideSolutionNode = FALSE
	EndGlobalSection
	GlobalSection(ExtensibilityGlobals) = postSolution
		SolutionGuid = {D0CE40A0-3371-49AF-BA15-05EB920D1903}
	EndGlobalSection
EndGlobal
